
Microsoft Visual Studio Solution File, Format Version 12.00
Project("{2150E333-8FDC-42A3-9474-1A3956D46DE8}") = "Solution Items", "Solution Items", "{D6DE11CE-15A7-4C15-A5B3-054348222659}"
	ProjectSection(SolutionItems) = preProject
		.dockerignore = .dockerignore
		.editorconfig = .editorconfig
		.env = .env
		.gitignore = .gitignore
		docker-compose.yml = docker-compose.yml
		README.md = README.md
		flyway.conf = flyway.conf
	EndProjectSection
EndProject
Project("{FAE04EC0-301F-11D3-BF4B-00C04F79EFBC}") = "Asuka", "src\Asuka\Asuka.csproj", "{0FC9D60D-504E-455F-B90D-5476660C74E6}"
EndProject
Project("{FAE04EC0-301F-11D3-BF4B-00C04F79EFBC}") = "Asuka.Audio", "src\Asuka.Audio\Asuka.Audio.csproj", "{149EC187-D90C-4655-B667-301749897832}"
EndProject
Project("{FAE04EC0-301F-11D3-BF4B-00C04F79EFBC}") = "Asuka.Common", "src\Asuka.Common\Asuka.Common.csproj", "{99B5ED91-B160-4605-93C7-C24B6C8B5B1E}"
EndProject
Project("{FAE04EC0-301F-11D3-BF4B-00C04F79EFBC}") = "Asuka.Core", "src\Asuka.Core\Asuka.Core.csproj", "{5B02A340-AA0B-4992-924A-8F6855514EF9}"
EndProject
Project("{FAE04EC0-301F-11D3-BF4B-00C04F79EFBC}") = "Asuka.Database", "src\Asuka.Database\Asuka.Database.csproj", "{ACEA074E-F93B-4785-B2BA-257DC7F704FC}"
EndProject
Project("{FAE04EC0-301F-11D3-BF4B-00C04F79EFBC}") = "Asuka.Extensions", "src\Asuka.Extensions\Asuka.Extensions.csproj", "{98D48BF8-38E6-4906-9CAE-064277564CEC}"
EndProject
Project("{FAE04EC0-301F-11D3-BF4B-00C04F79EFBC}") = "Asuka.Tests", "tests\Asuka.Tests\Asuka.Tests.csproj", "{7F7BD0D1-8043-4374-B5D4-0FF5295E4884}"
EndProject
Global
	GlobalSection(SolutionConfigurationPlatforms) = preSolution
		Debug|Any CPU = Debug|Any CPU
		Release|Any CPU = Release|Any CPU
	EndGlobalSection
	GlobalSection(ProjectConfigurationPlatforms) = postSolution
		{0FC9D60D-504E-455F-B90D-5476660C74E6}.Debug|Any CPU.ActiveCfg = Debug|Any CPU
		{0FC9D60D-504E-455F-B90D-5476660C74E6}.Debug|Any CPU.Build.0 = Debug|Any CPU
		{0FC9D60D-504E-455F-B90D-5476660C74E6}.Release|Any CPU.ActiveCfg = Release|Any CPU
		{0FC9D60D-504E-455F-B90D-5476660C74E6}.Release|Any CPU.Build.0 = Release|Any CPU
		{149EC187-D90C-4655-B667-301749897832}.Debug|Any CPU.ActiveCfg = Debug|Any CPU
		{149EC187-D90C-4655-B667-301749897832}.Debug|Any CPU.Build.0 = Debug|Any CPU
		{149EC187-D90C-4655-B667-301749897832}.Release|Any CPU.ActiveCfg = Release|Any CPU
		{149EC187-D90C-4655-B667-301749897832}.Release|Any CPU.Build.0 = Release|Any CPU
		{99B5ED91-B160-4605-93C7-C24B6C8B5B1E}.Debug|Any CPU.ActiveCfg = Debug|Any CPU
		{99B5ED91-B160-4605-93C7-C24B6C8B5B1E}.Debug|Any CPU.Build.0 = Debug|Any CPU
		{99B5ED91-B160-4605-93C7-C24B6C8B5B1E}.Release|Any CPU.ActiveCfg = Release|Any CPU
		{99B5ED91-B160-4605-93C7-C24B6C8B5B1E}.Release|Any CPU.Build.0 = Release|Any CPU
		{5B02A340-AA0B-4992-924A-8F6855514EF9}.Debug|Any CPU.ActiveCfg = Debug|Any CPU
		{5B02A340-AA0B-4992-924A-8F6855514EF9}.Debug|Any CPU.Build.0 = Debug|Any CPU
		{5B02A340-AA0B-4992-924A-8F6855514EF9}.Release|Any CPU.ActiveCfg = Release|Any CPU
		{5B02A340-AA0B-4992-924A-8F6855514EF9}.Release|Any CPU.Build.0 = Release|Any CPU
		{ACEA074E-F93B-4785-B2BA-257DC7F704FC}.Debug|Any CPU.ActiveCfg = Debug|Any CPU
		{ACEA074E-F93B-4785-B2BA-257DC7F704FC}.Debug|Any CPU.Build.0 = Debug|Any CPU
		{ACEA074E-F93B-4785-B2BA-257DC7F704FC}.Release|Any CPU.ActiveCfg = Release|Any CPU
		{ACEA074E-F93B-4785-B2BA-257DC7F704FC}.Release|Any CPU.Build.0 = Release|Any CPU
		{98D48BF8-38E6-4906-9CAE-064277564CEC}.Debug|Any CPU.ActiveCfg = Debug|Any CPU
		{98D48BF8-38E6-4906-9CAE-064277564CEC}.Debug|Any CPU.Build.0 = Debug|Any CPU
		{98D48BF8-38E6-4906-9CAE-064277564CEC}.Release|Any CPU.ActiveCfg = Release|Any CPU
		{98D48BF8-38E6-4906-9CAE-064277564CEC}.Release|Any CPU.Build.0 = Release|Any CPU
		{7F7BD0D1-8043-4374-B5D4-0FF5295E4884}.Debug|Any CPU.ActiveCfg = Debug|Any CPU
		{7F7BD0D1-8043-4374-B5D4-0FF5295E4884}.Debug|Any CPU.Build.0 = Debug|Any CPU
		{7F7BD0D1-8043-4374-B5D4-0FF5295E4884}.Release|Any CPU.ActiveCfg = Release|Any CPU
		{7F7BD0D1-8043-4374-B5D4-0FF5295E4884}.Release|Any CPU.Build.0 = Release|Any CPU
	EndGlobalSection
EndGlobal
